
Microsoft Visual Studio Solution File, Format Version 12.00
# Visual Studio 15
VisualStudioVersion = 15.0.28307.421
MinimumVisualStudioVersion = 10.0.40219.1
Project("{FAE04EC0-301F-11D3-BF4B-00C04F79EFBC}") = "Tsv", "Tsv\Tsv.csproj", "{AA27286B-5D9E-43B9-827A-8699BED614B3}"
EndProject
Global
	GlobalSection(SolutionConfigurationPlatforms) = preSolution
		Debug|Any CPU = Debug|Any CPU
		Release|Any CPU = Release|Any CPU
	EndGlobalSection
	GlobalSection(ProjectConfigurationPlatforms) = postSolution
		{AA27286B-5D9E-43B9-827A-8699BED614B3}.Debug|Any CPU.ActiveCfg = Debug|Any CPU
		{AA27286B-5D9E-43B9-827A-8699BED614B3}.Debug|Any CPU.Build.0 = Debug|Any CPU
		{AA27286B-5D9E-43B9-827A-8699BED614B3}.Release|Any CPU.ActiveCfg = Release|Any CPU
		{AA27286B-5D9E-43B9-827A-8699BED614B3}.Release|Any CPU.Build.0 = Release|Any CPU
	EndGlobalSection
	GlobalSection(SolutionProperties) = preSolution
		HideSolutionNode = FALSE
	EndGlobalSection
	GlobalSection(ExtensibilityGlobals) = postSolution
		SolutionGuid = {E5552F66-7DFD-4571-BB6E-F390BB8F4590}
	EndGlobalSection
EndGlobal
